{
  "name": "s3uploader",
  "version": "1.0.0",
  "lockfileVersion": 2,
  "requires": true,
  "packages": {
    "": {
      "name": "s3uploader",
      "version": "1.0.0",
      "license": "ISC",
      "dependencies": {
        "aws-cloudfront-sign": "^2.2.0"
      }
    },
    "node_modules/aws-cloudfront-sign": {
      "version": "2.2.0",
      "resolved": "https://registry.npmjs.org/aws-cloudfront-sign/-/aws-cloudfront-sign-2.2.0.tgz",
      "integrity": "sha512-qG+rwZMP3KRTPPbVmWY8DlrT56AkA4iVOeo23vkdK2EXeW/brJFN2haSNKzVz+oYhFMEIzVVloeAcrEzuRkuVQ==",
      "dependencies": {
        "lodash": "^3.6.0"
      }
    },
    "node_modules/lodash": {
      "version": "3.10.1",
      "resolved": "https://registry.npmjs.org/lodash/-/lodash-3.10.1.tgz",
      "integrity": "sha512-9mDDwqVIma6OZX79ZlDACZl8sBm0TEnkf99zV3iMA4GzkIT/9hiqP5mY0HoT1iNLCrKc/R1HByV+yJfRWVJryQ=="
    }
  },
  "dependencies": {
    "aws-cloudfront-sign": {
      "version": "2.2.0",
      "resolved": "https://registry.npmjs.org/aws-cloudfront-sign/-/aws-cloudfront-sign-2.2.0.tgz",
      "integrity": "sha512-qG+rwZMP3KRTPPbVmWY8DlrT56AkA4iVOeo23vkdK2EXeW/brJFN2haSNKzVz+oYhFMEIzVVloeAcrEzuRkuVQ==",
      "requires": {
        "lodash": "^3.6.0"
      }
    },
    "lodash": {
      "version": "3.10.1",
      "resolved": "https://registry.npmjs.org/lodash/-/lodash-3.10.1.tgz",
      "integrity": "sha512-9mDDwqVIma6OZX79ZlDACZl8sBm0TEnkf99zV3iMA4GzkIT/9hiqP5mY0HoT1iNLCrKc/R1HByV+yJfRWVJryQ=="
    }
  }
}
